
Microsoft Visual Studio Solution File, Format Version 12.00
# Visual Studio 15
VisualStudioVersion = 15.0.28010.2019
MinimumVisualStudioVersion = 10.0.40219.1
Project("{8BC9CEB8-8B4A-11D0-8D11-00A0C91BC942}") = "edge", "edge\edge.vcxproj", "{DA5380F1-7135-40F8-B626-EC4C501BE5BE}"
EndProject
Global
	GlobalSection(SolutionConfigurationPlatforms) = preSolution
		Debug|x64 = Debug|x64
		Debug|x86 = Debug|x86
		Release|x64 = Release|x64
		Release|x86 = Release|x86
	EndGlobalSection
	GlobalSection(ProjectConfigurationPlatforms) = postSolution
		{DA5380F1-7135-40F8-B626-EC4C501BE5BE}.Debug|x64.ActiveCfg = Debug|x64
		{DA5380F1-7135-40F8-B626-EC4C501BE5BE}.Debug|x64.Build.0 = Debug|x64
		{DA5380F1-7135-40F8-B626-EC4C501BE5BE}.Debug|x86.ActiveCfg = Debug|Win32
		{DA5380F1-7135-40F8-B626-EC4C501BE5BE}.Debug|x86.Build.0 = Debug|Win32
		{DA5380F1-7135-40F8-B626-EC4C501BE5BE}.Release|x64.ActiveCfg = Release|x64
		{DA5380F1-7135-40F8-B626-EC4C501BE5BE}.Release|x64.Build.0 = Release|x64
		{DA5380F1-7135-40F8-B626-EC4C501BE5BE}.Release|x86.ActiveCfg = Release|Win32
		{DA5380F1-7135-40F8-B626-EC4C501BE5BE}.Release|x86.Build.0 = Release|Win32
	EndGlobalSection
	GlobalSection(SolutionProperties) = preSolution
		HideSolutionNode = FALSE
	EndGlobalSection
	GlobalSection(ExtensibilityGlobals) = postSolution
		SolutionGuid = {0AC61827-E19A-4F63-8D7A-2B5BA1440CC9}
	EndGlobalSection
EndGlobal
